
Microsoft Visual Studio Solution File, Format Version 12.00
# Visual Studio Version 17
VisualStudioVersion = 17.3.32901.215
MinimumVisualStudioVersion = 10.0.40219.1
Project("{FAE04EC0-301F-11D3-BF4B-00C04F79EFBC}") = "Api", "api\Api.csproj", "{955D7D4E-9185-42CC-BBAF-D0FC989A2983}"
EndProject
Global
	GlobalSection(SolutionConfigurationPlatforms) = preSolution
		Debug|Any CPU = Debug|Any CPU
		Release|Any CPU = Release|Any CPU
	EndGlobalSection
	GlobalSection(ProjectConfigurationPlatforms) = postSolution
		{955D7D4E-9185-42CC-BBAF-D0FC989A2983}.Debug|Any CPU.ActiveCfg = Debug|Any CPU
		{955D7D4E-9185-42CC-BBAF-D0FC989A2983}.Debug|Any CPU.Build.0 = Debug|Any CPU
		{955D7D4E-9185-42CC-BBAF-D0FC989A2983}.Release|Any CPU.ActiveCfg = Release|Any CPU
		{955D7D4E-9185-42CC-BBAF-D0FC989A2983}.Release|Any CPU.Build.0 = Release|Any CPU
	EndGlobalSection
	GlobalSection(SolutionProperties) = preSolution
		HideSolutionNode = FALSE
	EndGlobalSection
	GlobalSection(ExtensibilityGlobals) = postSolution
		SolutionGuid = {8F87FA2F-BC0E-4C73-AFEA-C7AD72FFF49D}
	EndGlobalSection
EndGlobal
